
Microsoft Visual Studio Solution File, Format Version 12.00
# Visual Studio 15
VisualStudioVersion = 15.0.28010.2041
MinimumVisualStudioVersion = 10.0.40219.1
Project("{FAE04EC0-301F-11D3-BF4B-00C04F79EFBC}") = "LeadGatewayFakeDownStreamServer", "LeadGatewayFakeDownStreamServer\LeadGatewayFakeDownStreamServer.csproj", "{FB7D882F-9DBC-436E-87F7-E2FD9AE24018}"
EndProject
Global
	GlobalSection(SolutionConfigurationPlatforms) = preSolution
		Debug|Any CPU = Debug|Any CPU
		Release|Any CPU = Release|Any CPU
	EndGlobalSection
	GlobalSection(ProjectConfigurationPlatforms) = postSolution
		{FB7D882F-9DBC-436E-87F7-E2FD9AE24018}.Debug|Any CPU.ActiveCfg = Debug|Any CPU
		{FB7D882F-9DBC-436E-87F7-E2FD9AE24018}.Debug|Any CPU.Build.0 = Debug|Any CPU
		{FB7D882F-9DBC-436E-87F7-E2FD9AE24018}.Release|Any CPU.ActiveCfg = Release|Any CPU
		{FB7D882F-9DBC-436E-87F7-E2FD9AE24018}.Release|Any CPU.Build.0 = Release|Any CPU
	EndGlobalSection
	GlobalSection(SolutionProperties) = preSolution
		HideSolutionNode = FALSE
	EndGlobalSection
	GlobalSection(ExtensibilityGlobals) = postSolution
		SolutionGuid = {24B39144-CBDD-4505-89A9-DB3F369BB62D}
	EndGlobalSection
EndGlobal
